
Microsoft Visual Studio Solution File, Format Version 12.00
# Visual Studio Version 17
VisualStudioVersion = 17.7.34024.191
MinimumVisualStudioVersion = 10.0.40219.1
Project("{FAE04EC0-301F-11D3-BF4B-00C04F79EFBC}") = "PhotoManagement", "PhotoManagement\PhotoManagement.csproj", "{5B4699AC-09B8-43BA-AA9B-4C5AF17CAAB3}"
EndProject
Project("{FAE04EC0-301F-11D3-BF4B-00C04F79EFBC}") = "DAL", "DAL\DAL.csproj", "{6D1F1161-033D-46EB-96F9-9E4804CCC18A}"
EndProject
Project("{FAE04EC0-301F-11D3-BF4B-00C04F79EFBC}") = "BLL", "BLL\BLL.csproj", "{1BCF4250-672E-45C8-8EA0-5ABC0414D4F0}"
EndProject
Global
	GlobalSection(SolutionConfigurationPlatforms) = preSolution
		Debug|Any CPU = Debug|Any CPU
		Release|Any CPU = Release|Any CPU
	EndGlobalSection
	GlobalSection(ProjectConfigurationPlatforms) = postSolution
		{5B4699AC-09B8-43BA-AA9B-4C5AF17CAAB3}.Debug|Any CPU.ActiveCfg = Debug|Any CPU
		{5B4699AC-09B8-43BA-AA9B-4C5AF17CAAB3}.Debug|Any CPU.Build.0 = Debug|Any CPU
		{5B4699AC-09B8-43BA-AA9B-4C5AF17CAAB3}.Release|Any CPU.ActiveCfg = Release|Any CPU
		{5B4699AC-09B8-43BA-AA9B-4C5AF17CAAB3}.Release|Any CPU.Build.0 = Release|Any CPU
		{6D1F1161-033D-46EB-96F9-9E4804CCC18A}.Debug|Any CPU.ActiveCfg = Debug|Any CPU
		{6D1F1161-033D-46EB-96F9-9E4804CCC18A}.Debug|Any CPU.Build.0 = Debug|Any CPU
		{6D1F1161-033D-46EB-96F9-9E4804CCC18A}.Release|Any CPU.ActiveCfg = Release|Any CPU
		{6D1F1161-033D-46EB-96F9-9E4804CCC18A}.Release|Any CPU.Build.0 = Release|Any CPU
		{1BCF4250-672E-45C8-8EA0-5ABC0414D4F0}.Debug|Any CPU.ActiveCfg = Debug|Any CPU
		{1BCF4250-672E-45C8-8EA0-5ABC0414D4F0}.Debug|Any CPU.Build.0 = Debug|Any CPU
		{1BCF4250-672E-45C8-8EA0-5ABC0414D4F0}.Release|Any CPU.ActiveCfg = Release|Any CPU
		{1BCF4250-672E-45C8-8EA0-5ABC0414D4F0}.Release|Any CPU.Build.0 = Release|Any CPU
	EndGlobalSection
	GlobalSection(SolutionProperties) = preSolution
		HideSolutionNode = FALSE
	EndGlobalSection
	GlobalSection(ExtensibilityGlobals) = postSolution
		SolutionGuid = {6CA19D3A-1151-4E53-AB08-51F9D9A67C1B}
	EndGlobalSection
EndGlobal
